// !$*UTF8*$!
{
	archiveVersion = 1;
	classes = {
	};
	objectVersion = 56;
	objects = {

/* Begin PBXBuildFile section */
		183FE44C2A8501AF00C204F3 /* Condiment-Regular.ttf in Resources */ = {isa = PBXBuildFile; fileRef = 183FE44B2A8501AF00C204F3 /* Condiment-Regular.ttf */; };
		18421B002A83D27500DEF8C3 /* Light_and_Dark_Mode_TesterApp.swift in Sources */ = {isa = PBXBuildFile; fileRef = 18421AFF2A83D27500DEF8C3 /* Light_and_Dark_Mode_TesterApp.swift */; };
		18421B022A83D27500DEF8C3 /* ContentView.swift in Sources */ = {isa = PBXBuildFile; fileRef = 18421B012A83D27500DEF8C3 /* ContentView.swift */; };
		18421B042A83D27800DEF8C3 /* Assets.xcassets in Resources */ = {isa = PBXBuildFile; fileRef = 18421B032A83D27800DEF8C3 /* Assets.xcassets */; };
		18421B072A83D27800DEF8C3 /* Preview Assets.xcassets in Resources */ = {isa = PBXBuildFile; fileRef = 18421B062A83D27800DEF8C3 /* Preview Assets.xcassets */; };
/* End PBXBuildFile section */

/* Begin PBXFileReference section */
		183FE4492A85014C00C204F3 /* Light-and-Dark-Mode-Tester-Info.plist */ = {isa = PBXFileReference; lastKnownFileType = text.plist; path = "Light-and-Dark-Mode-Tester-Info.plist"; sourceTree = SOURCE_ROOT; };
		183FE44B2A8501AF00C204F3 /* Condiment-Regular.ttf */ = {isa = PBXFileReference; lastKnownFileType = file; path = "Condiment-Regular.ttf"; sourceTree = "<group>"; };
		18421AFC2A83D27500DEF8C3 /* Light and Dark Mode Tester.app */ = {isa = PBXFileReference; explicitFileType = wrapper.application; includeInIndex = 0; path = "Light and Dark Mode Tester.app"; sourceTree = BUILT_PRODUCTS_DIR; };
		18421AFF2A83D27500DEF8C3 /* Light_and_Dark_Mode_TesterApp.swift */ = {isa = PBXFileReference; lastKnownFileType = sourcecode.swift; path = Light_and_Dark_Mode_TesterApp.swift; sourceTree = "<group>"; };
		18421B012A83D27500DEF8C3 /* ContentView.swift */ = {isa = PBXFileReference; lastKnownFileType = sourcecode.swift; path = ContentView.swift; sourceTree = "<group>"; };
		18421B032A83D27800DEF8C3 /* Assets.xcassets */ = {isa = PBXFileReference; lastKnownFileType = folder.assetcatalog; path = Assets.xcassets; sourceTree = "<group>"; };
		18421B062A83D27800DEF8C3 /* Preview Assets.xcassets */ = {isa = PBXFileReference; lastKnownFileType = folder.assetcatalog; path = "Preview Assets.xcassets"; sourceTree = "<group>"; };
/* End PBXFileReference section */

/* Begin PBXFrameworksBuildPhase section */
		18421AF92A83D27500DEF8C3 /* Frameworks */ = {
			isa = PBXFrameworksBuildPhase;
			buildActionMask = 2147483647;
			files = (
			);
			runOnlyForDeploymentPostprocessing = 0;
		};
/* End PBXFrameworksBuildPhase section */

/* Begin PBXGroup section */
		183FE44A2A85016800C204F3 /* Fonts */ = {
			isa = PBXGroup;
			children = (
				183FE44B2A8501AF00C204F3 /* Condiment-Regular.ttf */,
			);
			path = Fonts;
			sourceTree = "<group>";
		};
		18421AF32A83D27500DEF8C3 = {
			isa = PBXGroup;
			children = (
				18421AFE2A83D27500DEF8C3 /* Light and Dark Mode Tester */,
				18421AFD2A83D27500DEF8C3 /* Products */,
			);
			sourceTree = "<group>";
		};
		18421AFD2A83D27500DEF8C3 /* Products */ = {
			isa = PBXGroup;
			children = (
				18421AFC2A83D27500DEF8C3 /* Light and Dark Mode Tester.app */,
			);
			name = Products;
			sourceTree = "<group>";
		};
		18421AFE2A83D27500DEF8C3 /* Light and Dark Mode Tester */ = {
			isa = PBXGroup;
			children = (
				183FE44A2A85016800C204F3 /* Fonts */,
				18421AFF2A83D27500DEF8C3 /* Light_and_Dark_Mode_TesterApp.swift */,
				18421B012A83D27500DEF8C3 /* ContentView.swift */,
				18421B032A83D27800DEF8C3 /* Assets.xcassets */,
				183FE4492A85014C00C204F3 /* Light-and-Dark-Mode-Tester-Info.plist */,
				18421B052A83D27800DEF8C3 /* Preview Content */,
			);
			path = "Light and Dark Mode Tester";
			sourceTree = "<group>";
		};
		18421B052A83D27800DEF8C3 /* Preview Content */ = {
			isa = PBXGroup;
			children = (
				18421B062A83D27800DEF8C3 /* Preview Assets.xcassets */,
			);
			path = "Preview Content";
			sourceTree = "<group>";
		};
/* End PBXGroup section */

/* Begin PBXNativeTarget section */
		18421AFB2A83D27500DEF8C3 /* Light and Dark Mode Tester */ = {
			isa = PBXNativeTarget;
			buildConfigurationList = 18421B0A2A83D27800DEF8C3 /* Build configuration list for PBXNativeTarget "Light and Dark Mode Tester" */;
			buildPhases = (
				18421AF82A83D27500DEF8C3 /* Sources */,
				18421AF92A83D27500DEF8C3 /* Frameworks */,
				18421AFA2A83D27500DEF8C3 /* Resources */,
			);
			buildRules = (
			);
			dependencies = (
			);
			name = "Light and Dark Mode Tester";
			productName = "Light and Dark Mode Tester";
			productReference = 18421AFC2A83D27500DEF8C3 /* Light and Dark Mode Tester.app */;
			productType = "com.apple.product-type.application";
		};
/* End PBXNativeTarget section */

/* Begin PBXProject section */
		18421AF42A83D27500DEF8C3 /* Project object */ = {
			isa = PBXProject;
			attributes = {
				BuildIndependentTargetsInParallel = 1;
				LastSwiftUpdateCheck = 1430;
				LastUpgradeCheck = 1430;
				TargetAttributes = {
					18421AFB2A83D27500DEF8C3 = {
						CreatedOnToolsVersion = 14.3.1;
					};
				};
			};
			buildConfigurationList = 18421AF72A83D27500DEF8C3 /* Build configuration list for PBXProject "Light and Dark Mode Tester" */;
			compatibilityVersion = "Xcode 14.0";
			developmentRegion = en;
			hasScannedForEncodings = 0;
			knownRegions = (
				en,
				Base,
			);
			mainGroup = 18421AF32A83D27500DEF8C3;
			productRefGroup = 18421AFD2A83D27500DEF8C3 /* Products */;
			projectDirPath = "";
			projectRoot = "";
			targets = (
				18421AFB2A83D27500DEF8C3 /* Light and Dark Mode Tester */,
			);
		};
/* End PBXProject section */

/* Begin PBXResourcesBuildPhase section */
		18421AFA2A83D27500DEF8C3 /* Resources */ = {
			isa = PBXResourcesBuildPhase;
			buildActionMask = 2147483647;
			files = (
				18421B072A83D27800DEF8C3 /* Preview Assets.xcassets in Resources */,
				183FE44C2A8501AF00C204F3 /* Condiment-Regular.ttf in Resources */,
				18421B042A83D27800DEF8C3 /* Assets.xcassets in Resources */,
			);
			runOnlyForDeploymentPostprocessing = 0;
		};
/* End PBXResourcesBuildPhase section */

/* Begin PBXSourcesBuildPhase section */
		18421AF82A83D27500DEF8C3 /* Sources */ = {
			isa = PBXSourcesBuildPhase;
			buildActionMask = 2147483647;
			files = (
				18421B022A83D27500DEF8C3 /* ContentView.swift in Sources */,
				18421B002A83D27500DEF8C3 /* Light_and_Dark_Mode_TesterApp.swift in Sources */,
			);
			runOnlyForDeploymentPostprocessing = 0;
		};
/* End PBXSourcesBuildPhase section */

/* Begin XCBuildConfiguration section */
		18421B082A83D27800DEF8C3 /* Debug */ = {
			isa = XCBuildConfiguration;
			buildSettings = {
				ALWAYS_SEARCH_USER_PATHS = NO;
				CLANG_ANALYZER_NONNULL = YES;
				CLANG_ANALYZER_NUMBER_OBJECT_CONVERSION = YES_AGGRESSIVE;
				CLANG_CXX_LANGUAGE_STANDARD = "gnu++20";
				CLANG_ENABLE_MODULES = YES;
				CLANG_ENABLE_OBJC_ARC = YES;
				CLANG_ENABLE_OBJC_WEAK = YES;
				CLANG_WARN_BLOCK_CAPTURE_AUTORELEASING = YES;
				CLANG_WARN_BOOL_CONVERSION = YES;
				CLANG_WARN_COMMA = YES;
				CLANG_WARN_CONSTANT_CONVERSION = YES;
				CLANG_WARN_DEPRECATED_OBJC_IMPLEMENTATIONS = YES;
				CLANG_WARN_DIRECT_OBJC_ISA_USAGE = YES_ERROR;
				CLANG_WARN_DOCUMENTATION_COMMENTS = YES;
				CLANG_WARN_EMPTY_BODY = YES;
				CLANG_WARN_ENUM_CONVERSION = YES;
				CLANG_WARN_INFINITE_RECURSION = YES;
				CLANG_WARN_INT_CONVERSION = YES;
				CLANG_WARN_NON_LITERAL_NULL_CONVERSION = YES;
				CLANG_WARN_OBJC_IMPLICIT_RETAIN_SELF = YES;
				CLANG_WARN_OBJC_LITERAL_CONVERSION = YES;
				CLANG_WARN_OBJC_ROOT_CLASS = YES_ERROR;
				CLANG_WARN_QUOTED_INCLUDE_IN_FRAMEWORK_HEADER = YES;
				CLANG_WARN_RANGE_LOOP_ANALYSIS = YES;
				CLANG_WARN_STRICT_PROTOTYPES = YES;
				CLANG_WARN_SUSPICIOUS_MOVE = YES;
				CLANG_WARN_UNGUARDED_AVAILABILITY = YES_AGGRESSIVE;
				CLANG_WARN_UNREACHABLE_CODE = YES;
				CLANG_WARN__DUPLICATE_METHOD_MATCH = YES;
				COPY_PHASE_STRIP = NO;
				DEBUG_INFORMATION_FORMAT = dwarf;
				ENABLE_STRICT_OBJC_MSGSEND = YES;
				ENABLE_TESTABILITY = YES;
				GCC_C_LANGUAGE_STANDARD = gnu11;
				GCC_DYNAMIC_NO_PIC = NO;
				GCC_NO_COMMON_BLOCKS = YES;
				GCC_OPTIMIZATION_LEVEL = 0;
				GCC_PREPROCESSOR_DEFINITIONS = (
					"DEBUG=1",
					"$(inherited)",
				);
				GCC_WARN_64_TO_32_BIT_CONVERSION = YES;
				GCC_WARN_ABOUT_RETURN_TYPE = YES_ERROR;
				GCC_WARN_UNDECLARED_SELECTOR = YES;
				GCC_WARN_UNINITIALIZED_AUTOS = YES_AGGRESSIVE;
				GCC_WARN_UNUSED_FUNCTION = YES;
				GCC_WARN_UNUSED_VARIABLE = YES;
				IPHONEOS_DEPLOYMENT_TARGET = 16.4;
				MTL_ENABLE_DEBUG_INFO = INCLUDE_SOURCE;
				MTL_FAST_MATH = YES;
				ONLY_ACTIVE_ARCH = YES;
				SDKROOT = iphoneos;
				SWIFT_ACTIVE_COMPILATION_CONDITIONS = DEBUG;
				SWIFT_OPTIMIZATION_LEVEL = "-Onone";
			};
			name = Debug;
		};
		18421B092A83D27800DEF8C3 /* Release */ = {
			isa = XCBuildConfiguration;
			buildSettings = {
				ALWAYS_SEARCH_USER_PATHS = NO;
				CLANG_ANALYZER_NONNULL = YES;
				CLANG_ANALYZER_NUMBER_OBJECT_CONVERSION = YES_AGGRESSIVE;
				CLANG_CXX_LANGUAGE_STANDARD = "gnu++20";
				CLANG_ENABLE_MODULES = YES;
				CLANG_ENABLE_OBJC_ARC = YES;
				CLANG_ENABLE_OBJC_WEAK = YES;
				CLANG_WARN_BLOCK_CAPTURE_AUTORELEASING = YES;
				CLANG_WARN_BOOL_CONVERSION = YES;
				CLANG_WARN_COMMA = YES;
				CLANG_WARN_CONSTANT_CONVERSION = YES;
				CLANG_WARN_DEPRECATED_OBJC_IMPLEMENTATIONS = YES;
				CLANG_WARN_DIRECT_OBJC_ISA_USAGE = YES_ERROR;
				CLANG_WARN_DOCUMENTATION_COMMENTS = YES;
				CLANG_WARN_EMPTY_BODY = YES;
				CLANG_WARN_ENUM_CONVERSION = YES;
				CLANG_WARN_INFINITE_RECURSION = YES;
				CLANG_WARN_INT_CONVERSION = YES;
				CLANG_WARN_NON_LITERAL_NULL_CONVERSION = YES;
				CLANG_WARN_OBJC_IMPLICIT_RETAIN_SELF = YES;
				CLANG_WARN_OBJC_LITERAL_CONVERSION = YES;
				CLANG_WARN_OBJC_ROOT_CLASS = YES_ERROR;
				CLANG_WARN_QUOTED_INCLUDE_IN_FRAMEWORK_HEADER = YES;
				CLANG_WARN_RANGE_LOOP_ANALYSIS = YES;
				CLANG_WARN_STRICT_PROTOTYPES = YES;
				CLANG_WARN_SUSPICIOUS_MOVE = YES;
				CLANG_WARN_UNGUARDED_AVAILABILITY = YES_AGGRESSIVE;
				CLANG_WARN_UNREACHABLE_CODE = YES;
				CLANG_WARN__DUPLICATE_METHOD_MATCH = YES;
				COPY_PHASE_STRIP = NO;
				DEBUG_INFORMATION_FORMAT = "dwarf-with-dsym";
				ENABLE_NS_ASSERTIONS = NO;
				ENABLE_STRICT_OBJC_MSGSEND = YES;
				GCC_C_LANGUAGE_STANDARD = gnu11;
				GCC_NO_COMMON_BLOCKS = YES;
				GCC_WARN_64_TO_32_BIT_CONVERSION = YES;
				GCC_WARN_ABOUT_RETURN_TYPE = YES_ERROR;
				GCC_WARN_UNDECLARED_SELECTOR = YES;
				GCC_WARN_UNINITIALIZED_AUTOS = YES_AGGRESSIVE;
				GCC_WARN_UNUSED_FUNCTION = YES;
				GCC_WARN_UNUSED_VARIABLE = YES;
				IPHONEOS_DEPLOYMENT_TARGET = 16.4;
				MTL_ENABLE_DEBUG_INFO = NO;
				MTL_FAST_MATH = YES;
				SDKROOT = iphoneos;
				SWIFT_COMPILATION_MODE = wholemodule;
				SWIFT_OPTIMIZATION_LEVEL = "-O";
				VALIDATE_PRODUCT = YES;
			};
			name = Release;
		};
		18421B0B2A83D27800DEF8C3 /* Debug */ = {
			isa = XCBuildConfiguration;
			buildSettings = {
				ASSETCATALOG_COMPILER_APPICON_NAME = AppIcon;
				ASSETCATALOG_COMPILER_GLOBAL_ACCENT_COLOR_NAME = AccentColor;
				CODE_SIGN_STYLE = Automatic;
				CURRENT_PROJECT_VERSION = 1;
				DEVELOPMENT_ASSET_PATHS = "\"Light and Dark Mode Tester/Preview Content\"";
				DEVELOPMENT_TEAM = 9872Q3S934;
				ENABLE_PREVIEWS = YES;
				GENERATE_INFOPLIST_FILE = YES;
				INFOPLIST_FILE = "Light-and-Dark-Mode-Tester-Info.plist";
				INFOPLIST_KEY_UIApplicationSceneManifest_Generation = YES;
				INFOPLIST_KEY_UIApplicationSupportsIndirectInputEvents = YES;
				INFOPLIST_KEY_UILaunchScreen_Generation = YES;
				INFOPLIST_KEY_UISupportedInterfaceOrientations_iPad = "UIInterfaceOrientationPortrait UIInterfaceOrientationPortraitUpsideDown UIInterfaceOrientationLandscapeLeft UIInterfaceOrientationLandscapeRight";
				INFOPLIST_KEY_UISupportedInterfaceOrientations_iPhone = "UIInterfaceOrientationPortrait UIInterfaceOrientationLandscapeLeft UIInterfaceOrientationLandscapeRight";
				LD_RUNPATH_SEARCH_PATHS = (
					"$(inherited)",
					"@executable_path/Frameworks",
				);
				MARKETING_VERSION = 1.0;
				PRODUCT_BUNDLE_IDENTIFIER = "com.codewithsaqib.Light-and-Dark-Mode-Tester";
				PRODUCT_NAME = "$(TARGET_NAME)";
				SWIFT_EMIT_LOC_STRINGS = YES;
				SWIFT_VERSION = 5.0;
				TARGETED_DEVICE_FAMILY = "1,2";
			};
			name = Debug;
		};
		18421B0C2A83D27800DEF8C3 /* Release */ = {
			isa = XCBuildConfiguration;
			buildSettings = {
				ASSETCATALOG_COMPILER_APPICON_NAME = AppIcon;
				ASSETCATALOG_COMPILER_GLOBAL_ACCENT_COLOR_NAME = AccentColor;
				CODE_SIGN_STYLE = Automatic;
				CURRENT_PROJECT_VERSION = 1;
				DEVELOPMENT_ASSET_PATHS = "\"Light and Dark Mode Tester/Preview Content\"";
				DEVELOPMENT_TEAM = 9872Q3S934;
				ENABLE_PREVIEWS = YES;
				GENERATE_INFOPLIST_FILE = YES;
				INFOPLIST_FILE = "Light-and-Dark-Mode-Tester-Info.plist";
				INFOPLIST_KEY_UIApplicationSceneManifest_Generation = YES;
				INFOPLIST_KEY_UIApplicationSupportsIndirectInputEvents = YES;
				INFOPLIST_KEY_UILaunchScreen_Generation = YES;
				INFOPLIST_KEY_UISupportedInterfaceOrientations_iPad = "UIInterfaceOrientationPortrait UIInterfaceOrientationPortraitUpsideDown UIInterfaceOrientationLandscapeLeft UIInterfaceOrientationLandscapeRight";
				INFOPLIST_KEY_UISupportedInterfaceOrientations_iPhone = "UIInterfaceOrientationPortrait UIInterfaceOrientationLandscapeLeft UIInterfaceOrientationLandscapeRight";
				LD_RUNPATH_SEARCH_PATHS = (
					"$(inherited)",
					"@executable_path/Frameworks",
				);
				MARKETING_VERSION = 1.0;
				PRODUCT_BUNDLE_IDENTIFIER = "com.codewithsaqib.Light-and-Dark-Mode-Tester";
				PRODUCT_NAME = "$(TARGET_NAME)";
				SWIFT_EMIT_LOC_STRINGS = YES;
				SWIFT_VERSION = 5.0;
				TARGETED_DEVICE_FAMILY = "1,2";
			};
			name = Release;
		};
/* End XCBuildConfiguration section */

/* Begin XCConfigurationList section */
		18421AF72A83D27500DEF8C3 /* Build configuration list for PBXProject "Light and Dark Mode Tester" */ = {
			isa = XCConfigurationList;
			buildConfigurations = (
				18421B082A83D27800DEF8C3 /* Debug */,
				18421B092A83D27800DEF8C3 /* Release */,
			);
			defaultConfigurationIsVisible = 0;
			defaultConfigurationName = Release;
		};
		18421B0A2A83D27800DEF8C3 /* Build configuration list for PBXNativeTarget "Light and Dark Mode Tester" */ = {
			isa = XCConfigurationList;
			buildConfigurations = (
				18421B0B2A83D27800DEF8C3 /* Debug */,
				18421B0C2A83D27800DEF8C3 /* Release */,
			);
			defaultConfigurationIsVisible = 0;
			defaultConfigurationName = Release;
		};
/* End XCConfigurationList section */
	};
	rootObject = 18421AF42A83D27500DEF8C3 /* Project object */;
}
